
Microsoft Visual Studio Solution File, Format Version 12.00
# Visual Studio Version 16
VisualStudioVersion = 16.0.30413.136
MinimumVisualStudioVersion = 10.0.40219.1
Project("{FAE04EC0-301F-11D3-BF4B-00C04F79EFBC}") = "SendenPets", "SendenPets.csproj", "{4050E838-22FE-4566-B0ED-6B51C89C9080}"
EndProject
Global
	GlobalSection(SolutionConfigurationPlatforms) = preSolution
		Debug|Any CPU = Debug|Any CPU
		Release|Any CPU = Release|Any CPU
	EndGlobalSection
	GlobalSection(ProjectConfigurationPlatforms) = postSolution
		{4050E838-22FE-4566-B0ED-6B51C89C9080}.Debug|Any CPU.ActiveCfg = Debug|Any CPU
		{4050E838-22FE-4566-B0ED-6B51C89C9080}.Debug|Any CPU.Build.0 = Debug|Any CPU
		{4050E838-22FE-4566-B0ED-6B51C89C9080}.Release|Any CPU.ActiveCfg = Release|Any CPU
		{4050E838-22FE-4566-B0ED-6B51C89C9080}.Release|Any CPU.Build.0 = Release|Any CPU
	EndGlobalSection
	GlobalSection(SolutionProperties) = preSolution
		HideSolutionNode = FALSE
	EndGlobalSection
	GlobalSection(ExtensibilityGlobals) = postSolution
		SolutionGuid = {B8C59FFE-5AD6-455F-9AFF-B350C7CB1B24}
	EndGlobalSection
EndGlobal
